// !$*UTF8*$!
{
	archiveVersion = 1;
	classes = {
	};
	objectVersion = 46;
	objects = {

/* Begin PBXBuildFile section */
		3EC2B7F01C732DFA00D26C2A /* AppDelegate.swift in Sources */ = {isa = PBXBuildFile; fileRef = 3EC2B7EF1C732DFA00D26C2A /* AppDelegate.swift */; };
		3EC2B7F21C732DFA00D26C2A /* ViewController.swift in Sources */ = {isa = PBXBuildFile; fileRef = 3EC2B7F11C732DFA00D26C2A /* ViewController.swift */; };
		3EC2B7F51C732DFA00D26C2A /* Main.storyboard in Resources */ = {isa = PBXBuildFile; fileRef = 3EC2B7F31C732DFA00D26C2A /* Main.storyboard */; };
		3EC2B7F71C732DFA00D26C2A /* Assets.xcassets in Resources */ = {isa = PBXBuildFile; fileRef = 3EC2B7F61C732DFA00D26C2A /* Assets.xcassets */; };
		3EC2B7FA1C732DFA00D26C2A /* LaunchScreen.storyboard in Resources */ = {isa = PBXBuildFile; fileRef = 3EC2B7F81C732DFA00D26C2A /* LaunchScreen.storyboard */; };
		3EC2B8021C732E1100D26C2A /* tick.png in Resources */ = {isa = PBXBuildFile; fileRef = 3EC2B8011C732E1100D26C2A /* tick.png */; };
/* End PBXBuildFile section */

/* Begin PBXFileReference section */
		3EC2B7EC1C732DFA00D26C2A /* ImageAnimationStarter.app */ = {isa = PBXFileReference; explicitFileType = wrapper.application; includeInIndex = 0; path = ImageAnimationStarter.app; sourceTree = BUILT_PRODUCTS_DIR; };
		3EC2B7EF1C732DFA00D26C2A /* AppDelegate.swift */ = {isa = PBXFileReference; lastKnownFileType = sourcecode.swift; path = AppDelegate.swift; sourceTree = "<group>"; };
		3EC2B7F11C732DFA00D26C2A /* ViewController.swift */ = {isa = PBXFileReference; lastKnownFileType = sourcecode.swift; path = ViewController.swift; sourceTree = "<group>"; };
		3EC2B7F41C732DFA00D26C2A /* Base */ = {isa = PBXFileReference; lastKnownFileType = file.storyboard; name = Base; path = Base.lproj/Main.storyboard; sourceTree = "<group>"; };
		3EC2B7F61C732DFA00D26C2A /* Assets.xcassets */ = {isa = PBXFileReference; lastKnownFileType = folder.assetcatalog; path = Assets.xcassets; sourceTree = "<group>"; };
		3EC2B7F91C732DFA00D26C2A /* Base */ = {isa = PBXFileReference; lastKnownFileType = file.storyboard; name = Base; path = Base.lproj/LaunchScreen.storyboard; sourceTree = "<group>"; };
		3EC2B7FB1C732DFA00D26C2A /* Info.plist */ = {isa = PBXFileReference; lastKnownFileType = text.plist.xml; path = Info.plist; sourceTree = "<group>"; };
		3EC2B8011C732E1100D26C2A /* tick.png */ = {isa = PBXFileReference; lastKnownFileType = image.png; path = tick.png; sourceTree = "<group>"; };
/* End PBXFileReference section */

/* Begin PBXFrameworksBuildPhase section */
		3EC2B7E91C732DFA00D26C2A /* Frameworks */ = {
			isa = PBXFrameworksBuildPhase;
			buildActionMask = 2147483647;
			files = (
			);
			runOnlyForDeploymentPostprocessing = 0;
		};
/* End PBXFrameworksBuildPhase section */

/* Begin PBXGroup section */
		3EC2B7E31C732DFA00D26C2A = {
			isa = PBXGroup;
			children = (
				3EC2B7EE1C732DFA00D26C2A /* ImageAnimationStarter */,
				3EC2B7ED1C732DFA00D26C2A /* Products */,
			);
			sourceTree = "<group>";
		};
		3EC2B7ED1C732DFA00D26C2A /* Products */ = {
			isa = PBXGroup;
			children = (
				3EC2B7EC1C732DFA00D26C2A /* ImageAnimationStarter.app */,
			);
			name = Products;
			sourceTree = "<group>";
		};
		3EC2B7EE1C732DFA00D26C2A /* ImageAnimationStarter */ = {
			isa = PBXGroup;
			children = (
				3EC2B8011C732E1100D26C2A /* tick.png */,
				3EC2B7EF1C732DFA00D26C2A /* AppDelegate.swift */,
				3EC2B7F11C732DFA00D26C2A /* ViewController.swift */,
				3EC2B7F31C732DFA00D26C2A /* Main.storyboard */,
				3EC2B7F61C732DFA00D26C2A /* Assets.xcassets */,
				3EC2B7F81C732DFA00D26C2A /* LaunchScreen.storyboard */,
				3EC2B7FB1C732DFA00D26C2A /* Info.plist */,
			);
			path = ImageAnimationStarter;
			sourceTree = "<group>";
		};
/* End PBXGroup section */

/* Begin PBXNativeTarget section */
		3EC2B7EB1C732DFA00D26C2A /* ImageAnimationStarter */ = {
			isa = PBXNativeTarget;
			buildConfigurationList = 3EC2B7FE1C732DFA00D26C2A /* Build configuration list for PBXNativeTarget "ImageAnimationStarter" */;
			buildPhases = (
				3EC2B7E81C732DFA00D26C2A /* Sources */,
				3EC2B7E91C732DFA00D26C2A /* Frameworks */,
				3EC2B7EA1C732DFA00D26C2A /* Resources */,
			);
			buildRules = (
			);
			dependencies = (
			);
			name = ImageAnimationStarter;
			productName = ImageAnimationStarter;
			productReference = 3EC2B7EC1C732DFA00D26C2A /* ImageAnimationStarter.app */;
			productType = "com.apple.product-type.application";
		};
/* End PBXNativeTarget section */

/* Begin PBXProject section */
		3EC2B7E41C732DFA00D26C2A /* Project object */ = {
			isa = PBXProject;
			attributes = {
				LastSwiftUpdateCheck = 0720;
				LastUpgradeCheck = 0720;
				ORGANIZATIONNAME = TechNexus;
				TargetAttributes = {
					3EC2B7EB1C732DFA00D26C2A = {
						CreatedOnToolsVersion = 7.2;
					};
				};
			};
			buildConfigurationList = 3EC2B7E71C732DFA00D26C2A /* Build configuration list for PBXProject "ImageAnimationStarter" */;
			compatibilityVersion = "Xcode 3.2";
			developmentRegion = English;
			hasScannedForEncodings = 0;
			knownRegions = (
				en,
				Base,
			);
			mainGroup = 3EC2B7E31C732DFA00D26C2A;
			productRefGroup = 3EC2B7ED1C732DFA00D26C2A /* Products */;
			projectDirPath = "";
			projectRoot = "";
			targets = (
				3EC2B7EB1C732DFA00D26C2A /* ImageAnimationStarter */,
			);
		};
/* End PBXProject section */

/* Begin PBXResourcesBuildPhase section */
		3EC2B7EA1C732DFA00D26C2A /* Resources */ = {
			isa = PBXResourcesBuildPhase;
			buildActionMask = 2147483647;
			files = (
				3EC2B7FA1C732DFA00D26C2A /* LaunchScreen.storyboard in Resources */,
				3EC2B7F71C732DFA00D26C2A /* Assets.xcassets in Resources */,
				3EC2B8021C732E1100D26C2A /* tick.png in Resources */,
				3EC2B7F51C732DFA00D26C2A /* Main.storyboard in Resources */,
			);
			runOnlyForDeploymentPostprocessing = 0;
		};
/* End PBXResourcesBuildPhase section */

/* Begin PBXSourcesBuildPhase section */
		3EC2B7E81C732DFA00D26C2A /* Sources */ = {
			isa = PBXSourcesBuildPhase;
			buildActionMask = 2147483647;
			files = (
				3EC2B7F21C732DFA00D26C2A /* ViewController.swift in Sources */,
				3EC2B7F01C732DFA00D26C2A /* AppDelegate.swift in Sources */,
			);
			runOnlyForDeploymentPostprocessing = 0;
		};
/* End PBXSourcesBuildPhase section */

/* Begin PBXVariantGroup section */
		3EC2B7F31C732DFA00D26C2A /* Main.storyboard */ = {
			isa = PBXVariantGroup;
			children = (
				3EC2B7F41C732DFA00D26C2A /* Base */,
			);
			name = Main.storyboard;
			sourceTree = "<group>";
		};
		3EC2B7F81C732DFA00D26C2A /* LaunchScreen.storyboard */ = {
			isa = PBXVariantGroup;
			children = (
				3EC2B7F91C732DFA00D26C2A /* Base */,
			);
			name = LaunchScreen.storyboard;
			sourceTree = "<group>";
		};
/* End PBXVariantGroup section */

/* Begin XCBuildConfiguration section */
		3EC2B7FC1C732DFA00D26C2A /* Debug */ = {
			isa = XCBuildConfiguration;
			buildSettings = {
				ALWAYS_SEARCH_USER_PATHS = NO;
				CLANG_CXX_LANGUAGE_STANDARD = "gnu++0x";
				CLANG_CXX_LIBRARY = "libc++";
				CLANG_ENABLE_MODULES = YES;
				CLANG_ENABLE_OBJC_ARC = YES;
				CLANG_WARN_BOOL_CONVERSION = YES;
				CLANG_WARN_CONSTANT_CONVERSION = YES;
				CLANG_WARN_DIRECT_OBJC_ISA_USAGE = YES_ERROR;
				CLANG_WARN_EMPTY_BODY = YES;
				CLANG_WARN_ENUM_CONVERSION = YES;
				CLANG_WARN_INT_CONVERSION = YES;
				CLANG_WARN_OBJC_ROOT_CLASS = YES_ERROR;
				CLANG_WARN_UNREACHABLE_CODE = YES;
				CLANG_WARN__DUPLICATE_METHOD_MATCH = YES;
				"CODE_SIGN_IDENTITY[sdk=iphoneos*]" = "iPhone Developer";
				COPY_PHASE_STRIP = NO;
				DEBUG_INFORMATION_FORMAT = dwarf;
				ENABLE_STRICT_OBJC_MSGSEND = YES;
				ENABLE_TESTABILITY = YES;
				GCC_C_LANGUAGE_STANDARD = gnu99;
				GCC_DYNAMIC_NO_PIC = NO;
				GCC_NO_COMMON_BLOCKS = YES;
				GCC_OPTIMIZATION_LEVEL = 0;
				GCC_PREPROCESSOR_DEFINITIONS = (
					"DEBUG=1",
					"$(inherited)",
				);
				GCC_WARN_64_TO_32_BIT_CONVERSION = YES;
				GCC_WARN_ABOUT_RETURN_TYPE = YES_ERROR;
				GCC_WARN_UNDECLARED_SELECTOR = YES;
				GCC_WARN_UNINITIALIZED_AUTOS = YES_AGGRESSIVE;
				GCC_WARN_UNUSED_FUNCTION = YES;
				GCC_WARN_UNUSED_VARIABLE = YES;
				IPHONEOS_DEPLOYMENT_TARGET = 9.2;
				MTL_ENABLE_DEBUG_INFO = YES;
				ONLY_ACTIVE_ARCH = YES;
				SDKROOT = iphoneos;
				SWIFT_OPTIMIZATION_LEVEL = "-Onone";
			};
			name = Debug;
		};
		3EC2B7FD1C732DFA00D26C2A /* Release */ = {
			isa = XCBuildConfiguration;
			buildSettings = {
				ALWAYS_SEARCH_USER_PATHS = NO;
				CLANG_CXX_LANGUAGE_STANDARD = "gnu++0x";
				CLANG_CXX_LIBRARY = "libc++";
				CLANG_ENABLE_MODULES = YES;
				CLANG_ENABLE_OBJC_ARC = YES;
				CLANG_WARN_BOOL_CONVERSION = YES;
				CLANG_WARN_CONSTANT_CONVERSION = YES;
				CLANG_WARN_DIRECT_OBJC_ISA_USAGE = YES_ERROR;
				CLANG_WARN_EMPTY_BODY = YES;
				CLANG_WARN_ENUM_CONVERSION = YES;
				CLANG_WARN_INT_CONVERSION = YES;
				CLANG_WARN_OBJC_ROOT_CLASS = YES_ERROR;
				CLANG_WARN_UNREACHABLE_CODE = YES;
				CLANG_WARN__DUPLICATE_METHOD_MATCH = YES;
				"CODE_SIGN_IDENTITY[sdk=iphoneos*]" = "iPhone Developer";
				COPY_PHASE_STRIP = NO;
				DEBUG_INFORMATION_FORMAT = "dwarf-with-dsym";
				ENABLE_NS_ASSERTIONS = NO;
				ENABLE_STRICT_OBJC_MSGSEND = YES;
				GCC_C_LANGUAGE_STANDARD = gnu99;
				GCC_NO_COMMON_BLOCKS = YES;
				GCC_WARN_64_TO_32_BIT_CONVERSION = YES;
				GCC_WARN_ABOUT_RETURN_TYPE = YES_ERROR;
				GCC_WARN_UNDECLARED_SELECTOR = YES;
				GCC_WARN_UNINITIALIZED_AUTOS = YES_AGGRESSIVE;
				GCC_WARN_UNUSED_FUNCTION = YES;
				GCC_WARN_UNUSED_VARIABLE = YES;
				IPHONEOS_DEPLOYMENT_TARGET = 9.2;
				MTL_ENABLE_DEBUG_INFO = NO;
				SDKROOT = iphoneos;
				VALIDATE_PRODUCT = YES;
			};
			name = Release;
		};
		3EC2B7FF1C732DFA00D26C2A /* Debug */ = {
			isa = XCBuildConfiguration;
			buildSettings = {
				ASSETCATALOG_COMPILER_APPICON_NAME = AppIcon;
				INFOPLIST_FILE = ImageAnimationStarter/Info.plist;
				LD_RUNPATH_SEARCH_PATHS = "$(inherited) @executable_path/Frameworks";
				PRODUCT_BUNDLE_IDENTIFIER = com.TechNexus.ImageAnimationStarter;
				PRODUCT_NAME = "$(TARGET_NAME)";
			};
			name = Debug;
		};
		3EC2B8001C732DFA00D26C2A /* Release */ = {
			isa = XCBuildConfiguration;
			buildSettings = {
				ASSETCATALOG_COMPILER_APPICON_NAME = AppIcon;
				INFOPLIST_FILE = ImageAnimationStarter/Info.plist;
				LD_RUNPATH_SEARCH_PATHS = "$(inherited) @executable_path/Frameworks";
				PRODUCT_BUNDLE_IDENTIFIER = com.TechNexus.ImageAnimationStarter;
				PRODUCT_NAME = "$(TARGET_NAME)";
			};
			name = Release;
		};
/* End XCBuildConfiguration section */

/* Begin XCConfigurationList section */
		3EC2B7E71C732DFA00D26C2A /* Build configuration list for PBXProject "ImageAnimationStarter" */ = {
			isa = XCConfigurationList;
			buildConfigurations = (
				3EC2B7FC1C732DFA00D26C2A /* Debug */,
				3EC2B7FD1C732DFA00D26C2A /* Release */,
			);
			defaultConfigurationIsVisible = 0;
			defaultConfigurationName = Release;
		};
		3EC2B7FE1C732DFA00D26C2A /* Build configuration list for PBXNativeTarget "ImageAnimationStarter" */ = {
			isa = XCConfigurationList;
			buildConfigurations = (
				3EC2B7FF1C732DFA00D26C2A /* Debug */,
				3EC2B8001C732DFA00D26C2A /* Release */,
			);
			defaultConfigurationIsVisible = 0;
		};
/* End XCConfigurationList section */
	};
	rootObject = 3EC2B7E41C732DFA00D26C2A /* Project object */;
}
